
Microsoft Visual Studio Solution File, Format Version 12.00
# Visual Studio Version 16
VisualStudioVersion = 16.0.30523.141
MinimumVisualStudioVersion = 10.0.40219.1
Project("{FAE04EC0-301F-11D3-BF4B-00C04F79EFBC}") = "VendingMachineAPI", "VendingMachineAPI.csproj", "{F1ADE526-915F-4B6B-9BCA-496FCD38ABB9}"
EndProject
Global
	GlobalSection(SolutionConfigurationPlatforms) = preSolution
		Debug|Any CPU = Debug|Any CPU
		Release|Any CPU = Release|Any CPU
	EndGlobalSection
	GlobalSection(ProjectConfigurationPlatforms) = postSolution
		{F1ADE526-915F-4B6B-9BCA-496FCD38ABB9}.Debug|Any CPU.ActiveCfg = Debug|Any CPU
		{F1ADE526-915F-4B6B-9BCA-496FCD38ABB9}.Debug|Any CPU.Build.0 = Debug|Any CPU
		{F1ADE526-915F-4B6B-9BCA-496FCD38ABB9}.Release|Any CPU.ActiveCfg = Release|Any CPU
		{F1ADE526-915F-4B6B-9BCA-496FCD38ABB9}.Release|Any CPU.Build.0 = Release|Any CPU
	EndGlobalSection
	GlobalSection(SolutionProperties) = preSolution
		HideSolutionNode = FALSE
	EndGlobalSection
	GlobalSection(ExtensibilityGlobals) = postSolution
		SolutionGuid = {42C7A495-CAF0-4675-B446-A10C920AE094}
	EndGlobalSection
EndGlobal
